
Microsoft Visual Studio Solution File, Format Version 12.00
# Visual Studio Version 16
VisualStudioVersion = 16.0.32228.343
MinimumVisualStudioVersion = 10.0.40219.1
Project("{8BC9CEB8-8B4A-11D0-8D11-00A0C91BC942}") = "httpProxy", "httpProxy\httpProxy.vcxproj", "{997A2C9E-60E7-4932-9BC5-ECFBE082A023}"
EndProject
Global
	GlobalSection(SolutionConfigurationPlatforms) = preSolution
		Debug|x64 = Debug|x64
		Debug|x86 = Debug|x86
		Release|x64 = Release|x64
		Release|x86 = Release|x86
	EndGlobalSection
	GlobalSection(ProjectConfigurationPlatforms) = postSolution
		{997A2C9E-60E7-4932-9BC5-ECFBE082A023}.Debug|x64.ActiveCfg = Debug|x64
		{997A2C9E-60E7-4932-9BC5-ECFBE082A023}.Debug|x64.Build.0 = Debug|x64
		{997A2C9E-60E7-4932-9BC5-ECFBE082A023}.Debug|x86.ActiveCfg = Debug|Win32
		{997A2C9E-60E7-4932-9BC5-ECFBE082A023}.Debug|x86.Build.0 = Debug|Win32
		{997A2C9E-60E7-4932-9BC5-ECFBE082A023}.Release|x64.ActiveCfg = Release|x64
		{997A2C9E-60E7-4932-9BC5-ECFBE082A023}.Release|x64.Build.0 = Release|x64
		{997A2C9E-60E7-4932-9BC5-ECFBE082A023}.Release|x86.ActiveCfg = Release|Win32
		{997A2C9E-60E7-4932-9BC5-ECFBE082A023}.Release|x86.Build.0 = Release|Win32
	EndGlobalSection
	GlobalSection(SolutionProperties) = preSolution
		HideSolutionNode = FALSE
	EndGlobalSection
	GlobalSection(ExtensibilityGlobals) = postSolution
		SolutionGuid = {F6249C7F-0508-44D8-9330-A9BF8764AE7C}
	EndGlobalSection
EndGlobal
